// !$*UTF8*$!
{
	archiveVersion = 1;
	classes = {
	};
	objectVersion = 46;
	objects = {

/* Begin PBXBuildFile section */
		840DEE671C5867BC007C64F0 /* SelfieCell.swift in Sources */ = {isa = PBXBuildFile; fileRef = 840DEE661C5867BC007C64F0 /* SelfieCell.swift */; };
		844D39221C3F5C9E00105F82 /* AppDelegate.swift in Sources */ = {isa = PBXBuildFile; fileRef = 844D39211C3F5C9E00105F82 /* AppDelegate.swift */; };
		844D39241C3F5C9E00105F82 /* ViewController.swift in Sources */ = {isa = PBXBuildFile; fileRef = 844D39231C3F5C9E00105F82 /* ViewController.swift */; };
		844D39271C3F5C9E00105F82 /* Main.storyboard in Resources */ = {isa = PBXBuildFile; fileRef = 844D39251C3F5C9E00105F82 /* Main.storyboard */; };
		844D39291C3F5C9E00105F82 /* Assets.xcassets in Resources */ = {isa = PBXBuildFile; fileRef = 844D39281C3F5C9E00105F82 /* Assets.xcassets */; };
		844D392C1C3F5C9E00105F82 /* LaunchScreen.storyboard in Resources */ = {isa = PBXBuildFile; fileRef = 844D392A1C3F5C9E00105F82 /* LaunchScreen.storyboard */; };
		844D39371C3F5C9F00105F82 /* selfiegramTests.swift in Sources */ = {isa = PBXBuildFile; fileRef = 844D39361C3F5C9F00105F82 /* selfiegramTests.swift */; };
		844D39421C3F5C9F00105F82 /* selfiegramUITests.swift in Sources */ = {isa = PBXBuildFile; fileRef = 844D39411C3F5C9F00105F82 /* selfiegramUITests.swift */; };
		84A7B0D31C4F32330008F288 /* FeedViewController.swift in Sources */ = {isa = PBXBuildFile; fileRef = 84A7B0D21C4F32330008F288 /* FeedViewController.swift */; };
		84A84A321C45F65F000D9C58 /* ProfileViewController.swift in Sources */ = {isa = PBXBuildFile; fileRef = 84A84A311C45F65F000D9C58 /* ProfileViewController.swift */; };
		84F683411C48A335007B078E /* User.swift in Sources */ = {isa = PBXBuildFile; fileRef = 84F683401C48A335007B078E /* User.swift */; };
		84F683431C48A3AF007B078E /* Post.swift in Sources */ = {isa = PBXBuildFile; fileRef = 84F683421C48A3AF007B078E /* Post.swift */; };
/* End PBXBuildFile section */

/* Begin PBXContainerItemProxy section */
		844D39331C3F5C9F00105F82 /* PBXContainerItemProxy */ = {
			isa = PBXContainerItemProxy;
			containerPortal = 844D39161C3F5C9E00105F82 /* Project object */;
			proxyType = 1;
			remoteGlobalIDString = 844D391D1C3F5C9E00105F82;
			remoteInfo = selfiegram;
		};
		844D393E1C3F5C9F00105F82 /* PBXContainerItemProxy */ = {
			isa = PBXContainerItemProxy;
			containerPortal = 844D39161C3F5C9E00105F82 /* Project object */;
			proxyType = 1;
			remoteGlobalIDString = 844D391D1C3F5C9E00105F82;
			remoteInfo = selfiegram;
		};
/* End PBXContainerItemProxy section */

/* Begin PBXFileReference section */
		840DEE661C5867BC007C64F0 /* SelfieCell.swift */ = {isa = PBXFileReference; fileEncoding = 4; lastKnownFileType = sourcecode.swift; path = SelfieCell.swift; sourceTree = "<group>"; };
		844D391E1C3F5C9E00105F82 /* selfiegram.app */ = {isa = PBXFileReference; explicitFileType = wrapper.application; includeInIndex = 0; path = selfiegram.app; sourceTree = BUILT_PRODUCTS_DIR; };
		844D39211C3F5C9E00105F82 /* AppDelegate.swift */ = {isa = PBXFileReference; lastKnownFileType = sourcecode.swift; path = AppDelegate.swift; sourceTree = "<group>"; };
		844D39231C3F5C9E00105F82 /* ViewController.swift */ = {isa = PBXFileReference; lastKnownFileType = sourcecode.swift; path = ViewController.swift; sourceTree = "<group>"; };
		844D39261C3F5C9E00105F82 /* Base */ = {isa = PBXFileReference; lastKnownFileType = file.storyboard; name = Base; path = Base.lproj/Main.storyboard; sourceTree = "<group>"; };
		844D39281C3F5C9E00105F82 /* Assets.xcassets */ = {isa = PBXFileReference; lastKnownFileType = folder.assetcatalog; path = Assets.xcassets; sourceTree = "<group>"; };
		844D392B1C3F5C9E00105F82 /* Base */ = {isa = PBXFileReference; lastKnownFileType = file.storyboard; name = Base; path = Base.lproj/LaunchScreen.storyboard; sourceTree = "<group>"; };
		844D392D1C3F5C9E00105F82 /* Info.plist */ = {isa = PBXFileReference; lastKnownFileType = text.plist.xml; path = Info.plist; sourceTree = "<group>"; };
		844D39321C3F5C9F00105F82 /* selfiegramTests.xctest */ = {isa = PBXFileReference; explicitFileType = wrapper.cfbundle; includeInIndex = 0; path = selfiegramTests.xctest; sourceTree = BUILT_PRODUCTS_DIR; };
		844D39361C3F5C9F00105F82 /* selfiegramTests.swift */ = {isa = PBXFileReference; lastKnownFileType = sourcecode.swift; path = selfiegramTests.swift; sourceTree = "<group>"; };
		844D39381C3F5C9F00105F82 /* Info.plist */ = {isa = PBXFileReference; lastKnownFileType = text.plist.xml; path = Info.plist; sourceTree = "<group>"; };
		844D393D1C3F5C9F00105F82 /* selfiegramUITests.xctest */ = {isa = PBXFileReference; explicitFileType = wrapper.cfbundle; includeInIndex = 0; path = selfiegramUITests.xctest; sourceTree = BUILT_PRODUCTS_DIR; };
		844D39411C3F5C9F00105F82 /* selfiegramUITests.swift */ = {isa = PBXFileReference; lastKnownFileType = sourcecode.swift; path = selfiegramUITests.swift; sourceTree = "<group>"; };
		844D39431C3F5C9F00105F82 /* Info.plist */ = {isa = PBXFileReference; lastKnownFileType = text.plist.xml; path = Info.plist; sourceTree = "<group>"; };
		84A7B0D21C4F32330008F288 /* FeedViewController.swift */ = {isa = PBXFileReference; fileEncoding = 4; lastKnownFileType = sourcecode.swift; path = FeedViewController.swift; sourceTree = "<group>"; };
		84A84A311C45F65F000D9C58 /* ProfileViewController.swift */ = {isa = PBXFileReference; fileEncoding = 4; lastKnownFileType = sourcecode.swift; path = ProfileViewController.swift; sourceTree = "<group>"; };
		84F683401C48A335007B078E /* User.swift */ = {isa = PBXFileReference; fileEncoding = 4; lastKnownFileType = sourcecode.swift; path = User.swift; sourceTree = "<group>"; };
		84F683421C48A3AF007B078E /* Post.swift */ = {isa = PBXFileReference; fileEncoding = 4; lastKnownFileType = sourcecode.swift; path = Post.swift; sourceTree = "<group>"; };
/* End PBXFileReference section */

/* Begin PBXFrameworksBuildPhase section */
		844D391B1C3F5C9E00105F82 /* Frameworks */ = {
			isa = PBXFrameworksBuildPhase;
			buildActionMask = 2147483647;
			files = (
			);
			runOnlyForDeploymentPostprocessing = 0;
		};
		844D392F1C3F5C9F00105F82 /* Frameworks */ = {
			isa = PBXFrameworksBuildPhase;
			buildActionMask = 2147483647;
			files = (
			);
			runOnlyForDeploymentPostprocessing = 0;
		};
		844D393A1C3F5C9F00105F82 /* Frameworks */ = {
			isa = PBXFrameworksBuildPhase;
			buildActionMask = 2147483647;
			files = (
			);
			runOnlyForDeploymentPostprocessing = 0;
		};
/* End PBXFrameworksBuildPhase section */

/* Begin PBXGroup section */
		844D39151C3F5C9E00105F82 = {
			isa = PBXGroup;
			children = (
				84A7B0D21C4F32330008F288 /* FeedViewController.swift */,
				840DEE661C5867BC007C64F0 /* SelfieCell.swift */,
				84F683401C48A335007B078E /* User.swift */,
				84F683421C48A3AF007B078E /* Post.swift */,
				844D39201C3F5C9E00105F82 /* selfiegram */,
				844D39351C3F5C9F00105F82 /* selfiegramTests */,
				844D39401C3F5C9F00105F82 /* selfiegramUITests */,
				844D391F1C3F5C9E00105F82 /* Products */,
			);
			sourceTree = "<group>";
		};
		844D391F1C3F5C9E00105F82 /* Products */ = {
			isa = PBXGroup;
			children = (
				844D391E1C3F5C9E00105F82 /* selfiegram.app */,
				844D39321C3F5C9F00105F82 /* selfiegramTests.xctest */,
				844D393D1C3F5C9F00105F82 /* selfiegramUITests.xctest */,
			);
			name = Products;
			sourceTree = "<group>";
		};
		844D39201C3F5C9E00105F82 /* selfiegram */ = {
			isa = PBXGroup;
			children = (
				844D39231C3F5C9E00105F82 /* ViewController.swift */,
				844D39211C3F5C9E00105F82 /* AppDelegate.swift */,
				844D39251C3F5C9E00105F82 /* Main.storyboard */,
				84A84A311C45F65F000D9C58 /* ProfileViewController.swift */,
				844D39281C3F5C9E00105F82 /* Assets.xcassets */,
				844D392A1C3F5C9E00105F82 /* LaunchScreen.storyboard */,
				844D392D1C3F5C9E00105F82 /* Info.plist */,
			);
			path = selfiegram;
			sourceTree = "<group>";
		};
		844D39351C3F5C9F00105F82 /* selfiegramTests */ = {
			isa = PBXGroup;
			children = (
				844D39361C3F5C9F00105F82 /* selfiegramTests.swift */,
				844D39381C3F5C9F00105F82 /* Info.plist */,
			);
			path = selfiegramTests;
			sourceTree = "<group>";
		};
		844D39401C3F5C9F00105F82 /* selfiegramUITests */ = {
			isa = PBXGroup;
			children = (
				844D39411C3F5C9F00105F82 /* selfiegramUITests.swift */,
				844D39431C3F5C9F00105F82 /* Info.plist */,
			);
			path = selfiegramUITests;
			sourceTree = "<group>";
		};
/* End PBXGroup section */

/* Begin PBXNativeTarget section */
		844D391D1C3F5C9E00105F82 /* selfiegram */ = {
			isa = PBXNativeTarget;
			buildConfigurationList = 844D39461C3F5C9F00105F82 /* Build configuration list for PBXNativeTarget "selfiegram" */;
			buildPhases = (
				844D391A1C3F5C9E00105F82 /* Sources */,
				844D391B1C3F5C9E00105F82 /* Frameworks */,
				844D391C1C3F5C9E00105F82 /* Resources */,
			);
			buildRules = (
			);
			dependencies = (
			);
			name = selfiegram;
			productName = selfiegram;
			productReference = 844D391E1C3F5C9E00105F82 /* selfiegram.app */;
			productType = "com.apple.product-type.application";
		};
		844D39311C3F5C9F00105F82 /* selfiegramTests */ = {
			isa = PBXNativeTarget;
			buildConfigurationList = 844D39491C3F5C9F00105F82 /* Build configuration list for PBXNativeTarget "selfiegramTests" */;
			buildPhases = (
				844D392E1C3F5C9F00105F82 /* Sources */,
				844D392F1C3F5C9F00105F82 /* Frameworks */,
				844D39301C3F5C9F00105F82 /* Resources */,
			);
			buildRules = (
			);
			dependencies = (
				844D39341C3F5C9F00105F82 /* PBXTargetDependency */,
			);
			name = selfiegramTests;
			productName = selfiegramTests;
			productReference = 844D39321C3F5C9F00105F82 /* selfiegramTests.xctest */;
			productType = "com.apple.product-type.bundle.unit-test";
		};
		844D393C1C3F5C9F00105F82 /* selfiegramUITests */ = {
			isa = PBXNativeTarget;
			buildConfigurationList = 844D394C1C3F5C9F00105F82 /* Build configuration list for PBXNativeTarget "selfiegramUITests" */;
			buildPhases = (
				844D39391C3F5C9F00105F82 /* Sources */,
				844D393A1C3F5C9F00105F82 /* Frameworks */,
				844D393B1C3F5C9F00105F82 /* Resources */,
			);
			buildRules = (
			);
			dependencies = (
				844D393F1C3F5C9F00105F82 /* PBXTargetDependency */,
			);
			name = selfiegramUITests;
			productName = selfiegramUITests;
			productReference = 844D393D1C3F5C9F00105F82 /* selfiegramUITests.xctest */;
			productType = "com.apple.product-type.bundle.ui-testing";
		};
/* End PBXNativeTarget section */

/* Begin PBXProject section */
		844D39161C3F5C9E00105F82 /* Project object */ = {
			isa = PBXProject;
			attributes = {
				LastSwiftUpdateCheck = 0720;
				LastUpgradeCheck = 0720;
				ORGANIZATIONNAME = stopo;
				TargetAttributes = {
					844D391D1C3F5C9E00105F82 = {
						CreatedOnToolsVersion = 7.2;
					};
					844D39311C3F5C9F00105F82 = {
						CreatedOnToolsVersion = 7.2;
						TestTargetID = 844D391D1C3F5C9E00105F82;
					};
					844D393C1C3F5C9F00105F82 = {
						CreatedOnToolsVersion = 7.2;
						TestTargetID = 844D391D1C3F5C9E00105F82;
					};
				};
			};
			buildConfigurationList = 844D39191C3F5C9E00105F82 /* Build configuration list for PBXProject "selfiegram" */;
			compatibilityVersion = "Xcode 3.2";
			developmentRegion = English;
			hasScannedForEncodings = 0;
			knownRegions = (
				en,
				Base,
			);
			mainGroup = 844D39151C3F5C9E00105F82;
			productRefGroup = 844D391F1C3F5C9E00105F82 /* Products */;
			projectDirPath = "";
			projectRoot = "";
			targets = (
				844D391D1C3F5C9E00105F82 /* selfiegram */,
				844D39311C3F5C9F00105F82 /* selfiegramTests */,
				844D393C1C3F5C9F00105F82 /* selfiegramUITests */,
			);
		};
/* End PBXProject section */

/* Begin PBXResourcesBuildPhase section */
		844D391C1C3F5C9E00105F82 /* Resources */ = {
			isa = PBXResourcesBuildPhase;
			buildActionMask = 2147483647;
			files = (
				844D392C1C3F5C9E00105F82 /* LaunchScreen.storyboard in Resources */,
				844D39291C3F5C9E00105F82 /* Assets.xcassets in Resources */,
				844D39271C3F5C9E00105F82 /* Main.storyboard in Resources */,
			);
			runOnlyForDeploymentPostprocessing = 0;
		};
		844D39301C3F5C9F00105F82 /* Resources */ = {
			isa = PBXResourcesBuildPhase;
			buildActionMask = 2147483647;
			files = (
			);
			runOnlyForDeploymentPostprocessing = 0;
		};
		844D393B1C3F5C9F00105F82 /* Resources */ = {
			isa = PBXResourcesBuildPhase;
			buildActionMask = 2147483647;
			files = (
			);
			runOnlyForDeploymentPostprocessing = 0;
		};
/* End PBXResourcesBuildPhase section */

/* Begin PBXSourcesBuildPhase section */
		844D391A1C3F5C9E00105F82 /* Sources */ = {
			isa = PBXSourcesBuildPhase;
			buildActionMask = 2147483647;
			files = (
				84F683411C48A335007B078E /* User.swift in Sources */,
				84A84A321C45F65F000D9C58 /* ProfileViewController.swift in Sources */,
				840DEE671C5867BC007C64F0 /* SelfieCell.swift in Sources */,
				844D39241C3F5C9E00105F82 /* ViewController.swift in Sources */,
				844D39221C3F5C9E00105F82 /* AppDelegate.swift in Sources */,
				84A7B0D31C4F32330008F288 /* FeedViewController.swift in Sources */,
				84F683431C48A3AF007B078E /* Post.swift in Sources */,
			);
			runOnlyForDeploymentPostprocessing = 0;
		};
		844D392E1C3F5C9F00105F82 /* Sources */ = {
			isa = PBXSourcesBuildPhase;
			buildActionMask = 2147483647;
			files = (
				844D39371C3F5C9F00105F82 /* selfiegramTests.swift in Sources */,
			);
			runOnlyForDeploymentPostprocessing = 0;
		};
		844D39391C3F5C9F00105F82 /* Sources */ = {
			isa = PBXSourcesBuildPhase;
			buildActionMask = 2147483647;
			files = (
				844D39421C3F5C9F00105F82 /* selfiegramUITests.swift in Sources */,
			);
			runOnlyForDeploymentPostprocessing = 0;
		};
/* End PBXSourcesBuildPhase section */

/* Begin PBXTargetDependency section */
		844D39341C3F5C9F00105F82 /* PBXTargetDependency */ = {
			isa = PBXTargetDependency;
			target = 844D391D1C3F5C9E00105F82 /* selfiegram */;
			targetProxy = 844D39331C3F5C9F00105F82 /* PBXContainerItemProxy */;
		};
		844D393F1C3F5C9F00105F82 /* PBXTargetDependency */ = {
			isa = PBXTargetDependency;
			target = 844D391D1C3F5C9E00105F82 /* selfiegram */;
			targetProxy = 844D393E1C3F5C9F00105F82 /* PBXContainerItemProxy */;
		};
/* End PBXTargetDependency section */

/* Begin PBXVariantGroup section */
		844D39251C3F5C9E00105F82 /* Main.storyboard */ = {
			isa = PBXVariantGroup;
			children = (
				844D39261C3F5C9E00105F82 /* Base */,
			);
			name = Main.storyboard;
			sourceTree = "<group>";
		};
		844D392A1C3F5C9E00105F82 /* LaunchScreen.storyboard */ = {
			isa = PBXVariantGroup;
			children = (
				844D392B1C3F5C9E00105F82 /* Base */,
			);
			name = LaunchScreen.storyboard;
			sourceTree = "<group>";
		};
/* End PBXVariantGroup section */

/* Begin XCBuildConfiguration section */
		844D39441C3F5C9F00105F82 /* Debug */ = {
			isa = XCBuildConfiguration;
			buildSettings = {
				ALWAYS_SEARCH_USER_PATHS = NO;
				CLANG_CXX_LANGUAGE_STANDARD = "gnu++0x";
				CLANG_CXX_LIBRARY = "libc++";
				CLANG_ENABLE_MODULES = YES;
				CLANG_ENABLE_OBJC_ARC = YES;
				CLANG_WARN_BOOL_CONVERSION = YES;
				CLANG_WARN_CONSTANT_CONVERSION = YES;
				CLANG_WARN_DIRECT_OBJC_ISA_USAGE = YES_ERROR;
				CLANG_WARN_EMPTY_BODY = YES;
				CLANG_WARN_ENUM_CONVERSION = YES;
				CLANG_WARN_INT_CONVERSION = YES;
				CLANG_WARN_OBJC_ROOT_CLASS = YES_ERROR;
				CLANG_WARN_UNREACHABLE_CODE = YES;
				CLANG_WARN__DUPLICATE_METHOD_MATCH = YES;
				"CODE_SIGN_IDENTITY[sdk=iphoneos*]" = "iPhone Developer";
				COPY_PHASE_STRIP = NO;
				DEBUG_INFORMATION_FORMAT = dwarf;
				ENABLE_STRICT_OBJC_MSGSEND = YES;
				ENABLE_TESTABILITY = YES;
				GCC_C_LANGUAGE_STANDARD = gnu99;
				GCC_DYNAMIC_NO_PIC = NO;
				GCC_NO_COMMON_BLOCKS = YES;
				GCC_OPTIMIZATION_LEVEL = 0;
				GCC_PREPROCESSOR_DEFINITIONS = (
					"DEBUG=1",
					"$(inherited)",
				);
				GCC_WARN_64_TO_32_BIT_CONVERSION = YES;
				GCC_WARN_ABOUT_RETURN_TYPE = YES_ERROR;
				GCC_WARN_UNDECLARED_SELECTOR = YES;
				GCC_WARN_UNINITIALIZED_AUTOS = YES_AGGRESSIVE;
				GCC_WARN_UNUSED_FUNCTION = YES;
				GCC_WARN_UNUSED_VARIABLE = YES;
				IPHONEOS_DEPLOYMENT_TARGET = 9.2;
				MTL_ENABLE_DEBUG_INFO = YES;
				ONLY_ACTIVE_ARCH = YES;
				SDKROOT = iphoneos;
				SWIFT_OPTIMIZATION_LEVEL = "-Onone";
				TARGETED_DEVICE_FAMILY = "1,2";
			};
			name = Debug;
		};
		844D39451C3F5C9F00105F82 /* Release */ = {
			isa = XCBuildConfiguration;
			buildSettings = {
				ALWAYS_SEARCH_USER_PATHS = NO;
				CLANG_CXX_LANGUAGE_STANDARD = "gnu++0x";
				CLANG_CXX_LIBRARY = "libc++";
				CLANG_ENABLE_MODULES = YES;
				CLANG_ENABLE_OBJC_ARC = YES;
				CLANG_WARN_BOOL_CONVERSION = YES;
				CLANG_WARN_CONSTANT_CONVERSION = YES;
				CLANG_WARN_DIRECT_OBJC_ISA_USAGE = YES_ERROR;
				CLANG_WARN_EMPTY_BODY = YES;
				CLANG_WARN_ENUM_CONVERSION = YES;
				CLANG_WARN_INT_CONVERSION = YES;
				CLANG_WARN_OBJC_ROOT_CLASS = YES_ERROR;
				CLANG_WARN_UNREACHABLE_CODE = YES;
				CLANG_WARN__DUPLICATE_METHOD_MATCH = YES;
				"CODE_SIGN_IDENTITY[sdk=iphoneos*]" = "iPhone Developer";
				COPY_PHASE_STRIP = NO;
				DEBUG_INFORMATION_FORMAT = "dwarf-with-dsym";
				ENABLE_NS_ASSERTIONS = NO;
				ENABLE_STRICT_OBJC_MSGSEND = YES;
				GCC_C_LANGUAGE_STANDARD = gnu99;
				GCC_NO_COMMON_BLOCKS = YES;
				GCC_WARN_64_TO_32_BIT_CONVERSION = YES;
				GCC_WARN_ABOUT_RETURN_TYPE = YES_ERROR;
				GCC_WARN_UNDECLARED_SELECTOR = YES;
				GCC_WARN_UNINITIALIZED_AUTOS = YES_AGGRESSIVE;
				GCC_WARN_UNUSED_FUNCTION = YES;
				GCC_WARN_UNUSED_VARIABLE = YES;
				IPHONEOS_DEPLOYMENT_TARGET = 9.2;
				MTL_ENABLE_DEBUG_INFO = NO;
				SDKROOT = iphoneos;
				TARGETED_DEVICE_FAMILY = "1,2";
				VALIDATE_PRODUCT = YES;
			};
			name = Release;
		};
		844D39471C3F5C9F00105F82 /* Debug */ = {
			isa = XCBuildConfiguration;
			buildSettings = {
				ASSETCATALOG_COMPILER_APPICON_NAME = AppIcon;
				INFOPLIST_FILE = selfiegram/Info.plist;
				LD_RUNPATH_SEARCH_PATHS = "$(inherited) @executable_path/Frameworks";
				PRODUCT_BUNDLE_IDENTIFIER = come.astopo.selfiegram;
				PRODUCT_NAME = "$(TARGET_NAME)";
			};
			name = Debug;
		};
		844D39481C3F5C9F00105F82 /* Release */ = {
			isa = XCBuildConfiguration;
			buildSettings = {
				ASSETCATALOG_COMPILER_APPICON_NAME = AppIcon;
				INFOPLIST_FILE = selfiegram/Info.plist;
				LD_RUNPATH_SEARCH_PATHS = "$(inherited) @executable_path/Frameworks";
				PRODUCT_BUNDLE_IDENTIFIER = come.astopo.selfiegram;
				PRODUCT_NAME = "$(TARGET_NAME)";
			};
			name = Release;
		};
		844D394A1C3F5C9F00105F82 /* Debug */ = {
			isa = XCBuildConfiguration;
			buildSettings = {
				BUNDLE_LOADER = "$(TEST_HOST)";
				INFOPLIST_FILE = selfiegramTests/Info.plist;
				LD_RUNPATH_SEARCH_PATHS = "$(inherited) @executable_path/Frameworks @loader_path/Frameworks";
				PRODUCT_BUNDLE_IDENTIFIER = come.astopo.selfiegramTests;
				PRODUCT_NAME = "$(TARGET_NAME)";
				TEST_HOST = "$(BUILT_PRODUCTS_DIR)/selfiegram.app/selfiegram";
			};
			name = Debug;
		};
		844D394B1C3F5C9F00105F82 /* Release */ = {
			isa = XCBuildConfiguration;
			buildSettings = {
				BUNDLE_LOADER = "$(TEST_HOST)";
				INFOPLIST_FILE = selfiegramTests/Info.plist;
				LD_RUNPATH_SEARCH_PATHS = "$(inherited) @executable_path/Frameworks @loader_path/Frameworks";
				PRODUCT_BUNDLE_IDENTIFIER = come.astopo.selfiegramTests;
				PRODUCT_NAME = "$(TARGET_NAME)";
				TEST_HOST = "$(BUILT_PRODUCTS_DIR)/selfiegram.app/selfiegram";
			};
			name = Release;
		};
		844D394D1C3F5C9F00105F82 /* Debug */ = {
			isa = XCBuildConfiguration;
			buildSettings = {
				INFOPLIST_FILE = selfiegramUITests/Info.plist;
				LD_RUNPATH_SEARCH_PATHS = "$(inherited) @executable_path/Frameworks @loader_path/Frameworks";
				PRODUCT_BUNDLE_IDENTIFIER = come.astopo.selfiegramUITests;
				PRODUCT_NAME = "$(TARGET_NAME)";
				TEST_TARGET_NAME = selfiegram;
				USES_XCTRUNNER = YES;
			};
			name = Debug;
		};
		844D394E1C3F5C9F00105F82 /* Release */ = {
			isa = XCBuildConfiguration;
			buildSettings = {
				INFOPLIST_FILE = selfiegramUITests/Info.plist;
				LD_RUNPATH_SEARCH_PATHS = "$(inherited) @executable_path/Frameworks @loader_path/Frameworks";
				PRODUCT_BUNDLE_IDENTIFIER = come.astopo.selfiegramUITests;
				PRODUCT_NAME = "$(TARGET_NAME)";
				TEST_TARGET_NAME = selfiegram;
				USES_XCTRUNNER = YES;
			};
			name = Release;
		};
/* End XCBuildConfiguration section */

/* Begin XCConfigurationList section */
		844D39191C3F5C9E00105F82 /* Build configuration list for PBXProject "selfiegram" */ = {
			isa = XCConfigurationList;
			buildConfigurations = (
				844D39441C3F5C9F00105F82 /* Debug */,
				844D39451C3F5C9F00105F82 /* Release */,
			);
			defaultConfigurationIsVisible = 0;
			defaultConfigurationName = Release;
		};
		844D39461C3F5C9F00105F82 /* Build configuration list for PBXNativeTarget "selfiegram" */ = {
			isa = XCConfigurationList;
			buildConfigurations = (
				844D39471C3F5C9F00105F82 /* Debug */,
				844D39481C3F5C9F00105F82 /* Release */,
			);
			defaultConfigurationIsVisible = 0;
			defaultConfigurationName = Release;
		};
		844D39491C3F5C9F00105F82 /* Build configuration list for PBXNativeTarget "selfiegramTests" */ = {
			isa = XCConfigurationList;
			buildConfigurations = (
				844D394A1C3F5C9F00105F82 /* Debug */,
				844D394B1C3F5C9F00105F82 /* Release */,
			);
			defaultConfigurationIsVisible = 0;
			defaultConfigurationName = Release;
		};
		844D394C1C3F5C9F00105F82 /* Build configuration list for PBXNativeTarget "selfiegramUITests" */ = {
			isa = XCConfigurationList;
			buildConfigurations = (
				844D394D1C3F5C9F00105F82 /* Debug */,
				844D394E1C3F5C9F00105F82 /* Release */,
			);
			defaultConfigurationIsVisible = 0;
			defaultConfigurationName = Release;
		};
/* End XCConfigurationList section */
	};
	rootObject = 844D39161C3F5C9E00105F82 /* Project object */;
}
